
Microsoft Visual Studio Solution File, Format Version 12.00
# Visual Studio Version 16
VisualStudioVersion = 16.0.29519.181
MinimumVisualStudioVersion = 10.0.40219.1
Project("{FAE04EC0-301F-11D3-BF4B-00C04F79EFBC}") = "CSRF", "CSRF\CSRF.csproj", "{7B8DC9F5-10DF-4CFA-A6EE-F1C6132F37F3}"
EndProject
Project("{FAE04EC0-301F-11D3-BF4B-00C04F79EFBC}") = "Ataque", "Ataque\Ataque.csproj", "{3EF921C0-7674-43F7-8658-C61ADA34C894}"
EndProject
Global
	GlobalSection(SolutionConfigurationPlatforms) = preSolution
		Debug|Any CPU = Debug|Any CPU
		Release|Any CPU = Release|Any CPU
	EndGlobalSection
	GlobalSection(ProjectConfigurationPlatforms) = postSolution
		{7B8DC9F5-10DF-4CFA-A6EE-F1C6132F37F3}.Debug|Any CPU.ActiveCfg = Debug|Any CPU
		{7B8DC9F5-10DF-4CFA-A6EE-F1C6132F37F3}.Debug|Any CPU.Build.0 = Debug|Any CPU
		{7B8DC9F5-10DF-4CFA-A6EE-F1C6132F37F3}.Release|Any CPU.ActiveCfg = Release|Any CPU
		{7B8DC9F5-10DF-4CFA-A6EE-F1C6132F37F3}.Release|Any CPU.Build.0 = Release|Any CPU
		{3EF921C0-7674-43F7-8658-C61ADA34C894}.Debug|Any CPU.ActiveCfg = Debug|Any CPU
		{3EF921C0-7674-43F7-8658-C61ADA34C894}.Debug|Any CPU.Build.0 = Debug|Any CPU
		{3EF921C0-7674-43F7-8658-C61ADA34C894}.Release|Any CPU.ActiveCfg = Release|Any CPU
		{3EF921C0-7674-43F7-8658-C61ADA34C894}.Release|Any CPU.Build.0 = Release|Any CPU
	EndGlobalSection
	GlobalSection(SolutionProperties) = preSolution
		HideSolutionNode = FALSE
	EndGlobalSection
	GlobalSection(ExtensibilityGlobals) = postSolution
		SolutionGuid = {A99CB949-1F41-464A-BE86-04A98477F5FC}
	EndGlobalSection
EndGlobal
